
Microsoft Visual Studio Solution File, Format Version 12.00
# Visual Studio Version 16
VisualStudioVersion = 16.0.32106.194
MinimumVisualStudioVersion = 10.0.40219.1
Project("{FAE04EC0-301F-11D3-BF4B-00C04F79EFBC}") = "WebApplication5", "WebApplication5\WebApplication5.csproj", "{458D5154-0762-415F-9050-37EF32224DCE}"
EndProject
Global
	GlobalSection(SolutionConfigurationPlatforms) = preSolution
		Debug|Any CPU = Debug|Any CPU
		Release|Any CPU = Release|Any CPU
	EndGlobalSection
	GlobalSection(ProjectConfigurationPlatforms) = postSolution
		{458D5154-0762-415F-9050-37EF32224DCE}.Debug|Any CPU.ActiveCfg = Debug|Any CPU
		{458D5154-0762-415F-9050-37EF32224DCE}.Debug|Any CPU.Build.0 = Debug|Any CPU
		{458D5154-0762-415F-9050-37EF32224DCE}.Release|Any CPU.ActiveCfg = Release|Any CPU
		{458D5154-0762-415F-9050-37EF32224DCE}.Release|Any CPU.Build.0 = Release|Any CPU
	EndGlobalSection
	GlobalSection(SolutionProperties) = preSolution
		HideSolutionNode = FALSE
	EndGlobalSection
	GlobalSection(ExtensibilityGlobals) = postSolution
		SolutionGuid = {D21764D0-B063-42A3-B5D9-F5290A847562}
	EndGlobalSection
EndGlobal
